// !$*UTF8*$!
{
	archiveVersion = 1;
	classes = {
	};
	objectVersion = 56;
	objects = {

/* Begin PBXBuildFile section */
		E020FCC82A2F45FB0036D4BF /* TanerflixDataModel.xcdatamodeld in Sources */ = {isa = PBXBuildFile; fileRef = E020FCC62A2F45FB0036D4BF /* TanerflixDataModel.xcdatamodeld */; };
		E020FCCA2A3609C30036D4BF /* DataPersistenceManager.swift in Sources */ = {isa = PBXBuildFile; fileRef = E020FCC92A3609C30036D4BF /* DataPersistenceManager.swift */; };
		E0599CBF29EF1AC90082A789 /* Extensions.swift in Sources */ = {isa = PBXBuildFile; fileRef = E0599CBE29EF1AC90082A789 /* Extensions.swift */; };
		E0599CC329EF24E30082A789 /* TitleCollectionViewCell.swift in Sources */ = {isa = PBXBuildFile; fileRef = E0599CC229EF24E30082A789 /* TitleCollectionViewCell.swift */; };
		E0599CC629F67F310082A789 /* SDWebImage in Frameworks */ = {isa = PBXBuildFile; productRef = E0599CC529F67F310082A789 /* SDWebImage */; };
		E0599CC829F67F310082A789 /* SDWebImageMapKit in Frameworks */ = {isa = PBXBuildFile; productRef = E0599CC729F67F310082A789 /* SDWebImageMapKit */; };
		E0599CCA29F6BB740082A789 /* TitleTableViewCell.swift in Sources */ = {isa = PBXBuildFile; fileRef = E0599CC929F6BB740082A789 /* TitleTableViewCell.swift */; };
		E0599CCC29F6BF010082A789 /* TitleViewModel.swift in Sources */ = {isa = PBXBuildFile; fileRef = E0599CCB29F6BF010082A789 /* TitleViewModel.swift */; };
		E06553322A1BA4AD00C845D7 /* YoutubeSearchResponse.swift in Sources */ = {isa = PBXBuildFile; fileRef = E06553312A1BA4AD00C845D7 /* YoutubeSearchResponse.swift */; };
		E09E93BF29EC325100468968 /* AppDelegate.swift in Sources */ = {isa = PBXBuildFile; fileRef = E09E93BE29EC325100468968 /* AppDelegate.swift */; };
		E09E93C129EC325100468968 /* SceneDelegate.swift in Sources */ = {isa = PBXBuildFile; fileRef = E09E93C029EC325100468968 /* SceneDelegate.swift */; };
		E09E93C329EC325100468968 /* MainTabBarViewController.swift in Sources */ = {isa = PBXBuildFile; fileRef = E09E93C229EC325100468968 /* MainTabBarViewController.swift */; };
		E09E93C829EC325300468968 /* Assets.xcassets in Resources */ = {isa = PBXBuildFile; fileRef = E09E93C729EC325300468968 /* Assets.xcassets */; };
		E09E93D429EC347D00468968 /* HomeViewController.swift in Sources */ = {isa = PBXBuildFile; fileRef = E09E93D329EC347D00468968 /* HomeViewController.swift */; };
		E09E93D629EC34A000468968 /* UpcomingViewController.swift in Sources */ = {isa = PBXBuildFile; fileRef = E09E93D529EC34A000468968 /* UpcomingViewController.swift */; };
		E09E93D829EC34AE00468968 /* SearchViewController.swift in Sources */ = {isa = PBXBuildFile; fileRef = E09E93D729EC34AE00468968 /* SearchViewController.swift */; };
		E09E93DA29EC34CA00468968 /* DownloadsViewController.swift in Sources */ = {isa = PBXBuildFile; fileRef = E09E93D929EC34CA00468968 /* DownloadsViewController.swift */; };
		E0B877EA29EC4CB50005FAF9 /* CollectionViewTableViewCell.swift in Sources */ = {isa = PBXBuildFile; fileRef = E0B877E929EC4CB50005FAF9 /* CollectionViewTableViewCell.swift */; };
		E0B877EC29ED75C60005FAF9 /* HeroHeaderUIView.swift in Sources */ = {isa = PBXBuildFile; fileRef = E0B877EB29ED75C60005FAF9 /* HeroHeaderUIView.swift */; };
		E0B877EE29EEA7580005FAF9 /* APICaller.swift in Sources */ = {isa = PBXBuildFile; fileRef = E0B877ED29EEA7580005FAF9 /* APICaller.swift */; };
		E0B877F029EEAEC10005FAF9 /* Movie.swift in Sources */ = {isa = PBXBuildFile; fileRef = E0B877EF29EEAEC10005FAF9 /* Movie.swift */; };
		E0E0D3762A06416D00F5E323 /* SearchResultsViewController.swift in Sources */ = {isa = PBXBuildFile; fileRef = E0E0D3752A06416D00F5E323 /* SearchResultsViewController.swift */; };
		E0F1AF072A1D14E4009B2604 /* TitlePreviewViewController.swift in Sources */ = {isa = PBXBuildFile; fileRef = E0F1AF062A1D14E4009B2604 /* TitlePreviewViewController.swift */; };
		E0F1AF0B2A1D1ACF009B2604 /* TitlePreviewViewModel.swift in Sources */ = {isa = PBXBuildFile; fileRef = E0F1AF0A2A1D1ACF009B2604 /* TitlePreviewViewModel.swift */; };
/* End PBXBuildFile section */

/* Begin PBXFileReference section */
		E020FCC72A2F45FB0036D4BF /* TanerflixDataModel.xcdatamodel */ = {isa = PBXFileReference; lastKnownFileType = wrapper.xcdatamodel; path = TanerflixDataModel.xcdatamodel; sourceTree = "<group>"; };
		E020FCC92A3609C30036D4BF /* DataPersistenceManager.swift */ = {isa = PBXFileReference; lastKnownFileType = sourcecode.swift; path = DataPersistenceManager.swift; sourceTree = "<group>"; };
		E0599CBE29EF1AC90082A789 /* Extensions.swift */ = {isa = PBXFileReference; lastKnownFileType = sourcecode.swift; path = Extensions.swift; sourceTree = "<group>"; };
		E0599CC229EF24E30082A789 /* TitleCollectionViewCell.swift */ = {isa = PBXFileReference; lastKnownFileType = sourcecode.swift; path = TitleCollectionViewCell.swift; sourceTree = "<group>"; };
		E0599CC929F6BB740082A789 /* TitleTableViewCell.swift */ = {isa = PBXFileReference; lastKnownFileType = sourcecode.swift; path = TitleTableViewCell.swift; sourceTree = "<group>"; };
		E0599CCB29F6BF010082A789 /* TitleViewModel.swift */ = {isa = PBXFileReference; lastKnownFileType = sourcecode.swift; path = TitleViewModel.swift; sourceTree = "<group>"; };
		E06553312A1BA4AD00C845D7 /* YoutubeSearchResponse.swift */ = {isa = PBXFileReference; lastKnownFileType = sourcecode.swift; path = YoutubeSearchResponse.swift; sourceTree = "<group>"; };
		E09E93BB29EC325100468968 /* Tanerflix.app */ = {isa = PBXFileReference; explicitFileType = wrapper.application; includeInIndex = 0; path = Tanerflix.app; sourceTree = BUILT_PRODUCTS_DIR; };
		E09E93BE29EC325100468968 /* AppDelegate.swift */ = {isa = PBXFileReference; lastKnownFileType = sourcecode.swift; path = AppDelegate.swift; sourceTree = "<group>"; };
		E09E93C029EC325100468968 /* SceneDelegate.swift */ = {isa = PBXFileReference; lastKnownFileType = sourcecode.swift; path = SceneDelegate.swift; sourceTree = "<group>"; };
		E09E93C229EC325100468968 /* MainTabBarViewController.swift */ = {isa = PBXFileReference; lastKnownFileType = sourcecode.swift; path = MainTabBarViewController.swift; sourceTree = "<group>"; };
		E09E93C729EC325300468968 /* Assets.xcassets */ = {isa = PBXFileReference; lastKnownFileType = folder.assetcatalog; path = Assets.xcassets; sourceTree = "<group>"; };
		E09E93CC29EC325300468968 /* Info.plist */ = {isa = PBXFileReference; lastKnownFileType = text.plist.xml; path = Info.plist; sourceTree = "<group>"; };
		E09E93D329EC347D00468968 /* HomeViewController.swift */ = {isa = PBXFileReference; lastKnownFileType = sourcecode.swift; path = HomeViewController.swift; sourceTree = "<group>"; };
		E09E93D529EC34A000468968 /* UpcomingViewController.swift */ = {isa = PBXFileReference; lastKnownFileType = sourcecode.swift; path = UpcomingViewController.swift; sourceTree = "<group>"; };
		E09E93D729EC34AE00468968 /* SearchViewController.swift */ = {isa = PBXFileReference; lastKnownFileType = sourcecode.swift; path = SearchViewController.swift; sourceTree = "<group>"; };
		E09E93D929EC34CA00468968 /* DownloadsViewController.swift */ = {isa = PBXFileReference; lastKnownFileType = sourcecode.swift; path = DownloadsViewController.swift; sourceTree = "<group>"; };
		E0B877E929EC4CB50005FAF9 /* CollectionViewTableViewCell.swift */ = {isa = PBXFileReference; lastKnownFileType = sourcecode.swift; path = CollectionViewTableViewCell.swift; sourceTree = "<group>"; };
		E0B877EB29ED75C60005FAF9 /* HeroHeaderUIView.swift */ = {isa = PBXFileReference; lastKnownFileType = sourcecode.swift; path = HeroHeaderUIView.swift; sourceTree = "<group>"; };
		E0B877ED29EEA7580005FAF9 /* APICaller.swift */ = {isa = PBXFileReference; lastKnownFileType = sourcecode.swift; path = APICaller.swift; sourceTree = "<group>"; };
		E0B877EF29EEAEC10005FAF9 /* Movie.swift */ = {isa = PBXFileReference; lastKnownFileType = sourcecode.swift; path = Movie.swift; sourceTree = "<group>"; };
		E0E0D3752A06416D00F5E323 /* SearchResultsViewController.swift */ = {isa = PBXFileReference; lastKnownFileType = sourcecode.swift; path = SearchResultsViewController.swift; sourceTree = "<group>"; };
		E0F1AF062A1D14E4009B2604 /* TitlePreviewViewController.swift */ = {isa = PBXFileReference; lastKnownFileType = sourcecode.swift; path = TitlePreviewViewController.swift; sourceTree = "<group>"; };
		E0F1AF0A2A1D1ACF009B2604 /* TitlePreviewViewModel.swift */ = {isa = PBXFileReference; lastKnownFileType = sourcecode.swift; path = TitlePreviewViewModel.swift; sourceTree = "<group>"; };
/* End PBXFileReference section */

/* Begin PBXFrameworksBuildPhase section */
		E09E93B829EC325100468968 /* Frameworks */ = {
			isa = PBXFrameworksBuildPhase;
			buildActionMask = 2147483647;
			files = (
				E0599CC829F67F310082A789 /* SDWebImageMapKit in Frameworks */,
				E0599CC629F67F310082A789 /* SDWebImage in Frameworks */,
			);
			runOnlyForDeploymentPostprocessing = 0;
		};
/* End PBXFrameworksBuildPhase section */

/* Begin PBXGroup section */
		E09E93B229EC325100468968 = {
			isa = PBXGroup;
			children = (
				E09E93BD29EC325100468968 /* Tanerflix */,
				E09E93BC29EC325100468968 /* Products */,
			);
			sourceTree = "<group>";
		};
		E09E93BC29EC325100468968 /* Products */ = {
			isa = PBXGroup;
			children = (
				E09E93BB29EC325100468968 /* Tanerflix.app */,
			);
			name = Products;
			sourceTree = "<group>";
		};
		E09E93BD29EC325100468968 /* Tanerflix */ = {
			isa = PBXGroup;
			children = (
				E0B877E829EC4C800005FAF9 /* Managers */,
				E0B877E729EC4C760005FAF9 /* Resources */,
				E0B877E629EC4C590005FAF9 /* Models */,
				E0B877E429EC4C470005FAF9 /* Views */,
				E0B877E529EC4C4E0005FAF9 /* ViewModels */,
				E09E93D229EC346700468968 /* Controllers */,
				E09E93BE29EC325100468968 /* AppDelegate.swift */,
				E09E93C029EC325100468968 /* SceneDelegate.swift */,
				E09E93C229EC325100468968 /* MainTabBarViewController.swift */,
				E09E93C729EC325300468968 /* Assets.xcassets */,
				E09E93CC29EC325300468968 /* Info.plist */,
				E020FCC62A2F45FB0036D4BF /* TanerflixDataModel.xcdatamodeld */,
			);
			path = Tanerflix;
			sourceTree = "<group>";
		};
		E09E93D229EC346700468968 /* Controllers */ = {
			isa = PBXGroup;
			children = (
				E0F1AF092A1D1A46009B2604 /* General */,
				E0F1AF082A1D1A3A009B2604 /* Core */,
			);
			path = Controllers;
			sourceTree = "<group>";
		};
		E0B877E429EC4C470005FAF9 /* Views */ = {
			isa = PBXGroup;
			children = (
				E0B877E929EC4CB50005FAF9 /* CollectionViewTableViewCell.swift */,
				E0B877EB29ED75C60005FAF9 /* HeroHeaderUIView.swift */,
				E0599CC229EF24E30082A789 /* TitleCollectionViewCell.swift */,
				E0599CC929F6BB740082A789 /* TitleTableViewCell.swift */,
			);
			path = Views;
			sourceTree = "<group>";
		};
		E0B877E529EC4C4E0005FAF9 /* ViewModels */ = {
			isa = PBXGroup;
			children = (
				E0599CCB29F6BF010082A789 /* TitleViewModel.swift */,
				E0F1AF0A2A1D1ACF009B2604 /* TitlePreviewViewModel.swift */,
			);
			path = ViewModels;
			sourceTree = "<group>";
		};
		E0B877E629EC4C590005FAF9 /* Models */ = {
			isa = PBXGroup;
			children = (
				E0B877EF29EEAEC10005FAF9 /* Movie.swift */,
				E06553312A1BA4AD00C845D7 /* YoutubeSearchResponse.swift */,
			);
			path = Models;
			sourceTree = "<group>";
		};
		E0B877E729EC4C760005FAF9 /* Resources */ = {
			isa = PBXGroup;
			children = (
				E0599CBE29EF1AC90082A789 /* Extensions.swift */,
			);
			path = Resources;
			sourceTree = "<group>";
		};
		E0B877E829EC4C800005FAF9 /* Managers */ = {
			isa = PBXGroup;
			children = (
				E0B877ED29EEA7580005FAF9 /* APICaller.swift */,
				E020FCC92A3609C30036D4BF /* DataPersistenceManager.swift */,
			);
			path = Managers;
			sourceTree = "<group>";
		};
		E0F1AF082A1D1A3A009B2604 /* Core */ = {
			isa = PBXGroup;
			children = (
				E09E93D329EC347D00468968 /* HomeViewController.swift */,
				E09E93D529EC34A000468968 /* UpcomingViewController.swift */,
				E09E93D729EC34AE00468968 /* SearchViewController.swift */,
				E09E93D929EC34CA00468968 /* DownloadsViewController.swift */,
			);
			path = Core;
			sourceTree = "<group>";
		};
		E0F1AF092A1D1A46009B2604 /* General */ = {
			isa = PBXGroup;
			children = (
				E0E0D3752A06416D00F5E323 /* SearchResultsViewController.swift */,
				E0F1AF062A1D14E4009B2604 /* TitlePreviewViewController.swift */,
			);
			path = General;
			sourceTree = "<group>";
		};
/* End PBXGroup section */

/* Begin PBXNativeTarget section */
		E09E93BA29EC325100468968 /* Tanerflix */ = {
			isa = PBXNativeTarget;
			buildConfigurationList = E09E93CF29EC325300468968 /* Build configuration list for PBXNativeTarget "Tanerflix" */;
			buildPhases = (
				E09E93B729EC325100468968 /* Sources */,
				E09E93B829EC325100468968 /* Frameworks */,
				E09E93B929EC325100468968 /* Resources */,
			);
			buildRules = (
			);
			dependencies = (
			);
			name = Tanerflix;
			packageProductDependencies = (
				E0599CC529F67F310082A789 /* SDWebImage */,
				E0599CC729F67F310082A789 /* SDWebImageMapKit */,
			);
			productName = Tanerflix;
			productReference = E09E93BB29EC325100468968 /* Tanerflix.app */;
			productType = "com.apple.product-type.application";
		};
/* End PBXNativeTarget section */

/* Begin PBXProject section */
		E09E93B329EC325100468968 /* Project object */ = {
			isa = PBXProject;
			attributes = {
				BuildIndependentTargetsInParallel = 1;
				LastSwiftUpdateCheck = 1400;
				LastUpgradeCheck = 1400;
				TargetAttributes = {
					E09E93BA29EC325100468968 = {
						CreatedOnToolsVersion = 14.0.1;
					};
				};
			};
			buildConfigurationList = E09E93B629EC325100468968 /* Build configuration list for PBXProject "Tanerflix" */;
			compatibilityVersion = "Xcode 14.0";
			developmentRegion = en;
			hasScannedForEncodings = 0;
			knownRegions = (
				en,
				Base,
			);
			mainGroup = E09E93B229EC325100468968;
			packageReferences = (
				E0599CC429F67F310082A789 /* XCRemoteSwiftPackageReference "SDWebImage" */,
			);
			productRefGroup = E09E93BC29EC325100468968 /* Products */;
			projectDirPath = "";
			projectRoot = "";
			targets = (
				E09E93BA29EC325100468968 /* Tanerflix */,
			);
		};
/* End PBXProject section */

/* Begin PBXResourcesBuildPhase section */
		E09E93B929EC325100468968 /* Resources */ = {
			isa = PBXResourcesBuildPhase;
			buildActionMask = 2147483647;
			files = (
				E09E93C829EC325300468968 /* Assets.xcassets in Resources */,
			);
			runOnlyForDeploymentPostprocessing = 0;
		};
/* End PBXResourcesBuildPhase section */

/* Begin PBXSourcesBuildPhase section */
		E09E93B729EC325100468968 /* Sources */ = {
			isa = PBXSourcesBuildPhase;
			buildActionMask = 2147483647;
			files = (
				E0599CCA29F6BB740082A789 /* TitleTableViewCell.swift in Sources */,
				E09E93D829EC34AE00468968 /* SearchViewController.swift in Sources */,
				E0599CC329EF24E30082A789 /* TitleCollectionViewCell.swift in Sources */,
				E020FCCA2A3609C30036D4BF /* DataPersistenceManager.swift in Sources */,
				E09E93C329EC325100468968 /* MainTabBarViewController.swift in Sources */,
				E0B877EA29EC4CB50005FAF9 /* CollectionViewTableViewCell.swift in Sources */,
				E0B877EE29EEA7580005FAF9 /* APICaller.swift in Sources */,
				E0B877EC29ED75C60005FAF9 /* HeroHeaderUIView.swift in Sources */,
				E09E93DA29EC34CA00468968 /* DownloadsViewController.swift in Sources */,
				E09E93BF29EC325100468968 /* AppDelegate.swift in Sources */,
				E0E0D3762A06416D00F5E323 /* SearchResultsViewController.swift in Sources */,
				E0599CBF29EF1AC90082A789 /* Extensions.swift in Sources */,
				E020FCC82A2F45FB0036D4BF /* TanerflixDataModel.xcdatamodeld in Sources */,
				E06553322A1BA4AD00C845D7 /* YoutubeSearchResponse.swift in Sources */,
				E09E93C129EC325100468968 /* SceneDelegate.swift in Sources */,
				E0F1AF0B2A1D1ACF009B2604 /* TitlePreviewViewModel.swift in Sources */,
				E09E93D629EC34A000468968 /* UpcomingViewController.swift in Sources */,
				E0F1AF072A1D14E4009B2604 /* TitlePreviewViewController.swift in Sources */,
				E0B877F029EEAEC10005FAF9 /* Movie.swift in Sources */,
				E09E93D429EC347D00468968 /* HomeViewController.swift in Sources */,
				E0599CCC29F6BF010082A789 /* TitleViewModel.swift in Sources */,
			);
			runOnlyForDeploymentPostprocessing = 0;
		};
/* End PBXSourcesBuildPhase section */

/* Begin XCBuildConfiguration section */
		E09E93CD29EC325300468968 /* Debug */ = {
			isa = XCBuildConfiguration;
			buildSettings = {
				ALWAYS_SEARCH_USER_PATHS = NO;
				CLANG_ANALYZER_NONNULL = YES;
				CLANG_ANALYZER_NUMBER_OBJECT_CONVERSION = YES_AGGRESSIVE;
				CLANG_CXX_LANGUAGE_STANDARD = "gnu++20";
				CLANG_ENABLE_MODULES = YES;
				CLANG_ENABLE_OBJC_ARC = YES;
				CLANG_ENABLE_OBJC_WEAK = YES;
				CLANG_WARN_BLOCK_CAPTURE_AUTORELEASING = YES;
				CLANG_WARN_BOOL_CONVERSION = YES;
				CLANG_WARN_COMMA = YES;
				CLANG_WARN_CONSTANT_CONVERSION = YES;
				CLANG_WARN_DEPRECATED_OBJC_IMPLEMENTATIONS = YES;
				CLANG_WARN_DIRECT_OBJC_ISA_USAGE = YES_ERROR;
				CLANG_WARN_DOCUMENTATION_COMMENTS = YES;
				CLANG_WARN_EMPTY_BODY = YES;
				CLANG_WARN_ENUM_CONVERSION = YES;
				CLANG_WARN_INFINITE_RECURSION = YES;
				CLANG_WARN_INT_CONVERSION = YES;
				CLANG_WARN_NON_LITERAL_NULL_CONVERSION = YES;
				CLANG_WARN_OBJC_IMPLICIT_RETAIN_SELF = YES;
				CLANG_WARN_OBJC_LITERAL_CONVERSION = YES;
				CLANG_WARN_OBJC_ROOT_CLASS = YES_ERROR;
				CLANG_WARN_QUOTED_INCLUDE_IN_FRAMEWORK_HEADER = YES;
				CLANG_WARN_RANGE_LOOP_ANALYSIS = YES;
				CLANG_WARN_STRICT_PROTOTYPES = YES;
				CLANG_WARN_SUSPICIOUS_MOVE = YES;
				CLANG_WARN_UNGUARDED_AVAILABILITY = YES_AGGRESSIVE;
				CLANG_WARN_UNREACHABLE_CODE = YES;
				CLANG_WARN__DUPLICATE_METHOD_MATCH = YES;
				COPY_PHASE_STRIP = NO;
				DEBUG_INFORMATION_FORMAT = dwarf;
				ENABLE_STRICT_OBJC_MSGSEND = YES;
				ENABLE_TESTABILITY = YES;
				GCC_C_LANGUAGE_STANDARD = gnu11;
				GCC_DYNAMIC_NO_PIC = NO;
				GCC_NO_COMMON_BLOCKS = YES;
				GCC_OPTIMIZATION_LEVEL = 0;
				GCC_PREPROCESSOR_DEFINITIONS = (
					"DEBUG=1",
					"$(inherited)",
				);
				GCC_WARN_64_TO_32_BIT_CONVERSION = YES;
				GCC_WARN_ABOUT_RETURN_TYPE = YES_ERROR;
				GCC_WARN_UNDECLARED_SELECTOR = YES;
				GCC_WARN_UNINITIALIZED_AUTOS = YES_AGGRESSIVE;
				GCC_WARN_UNUSED_FUNCTION = YES;
				GCC_WARN_UNUSED_VARIABLE = YES;
				IPHONEOS_DEPLOYMENT_TARGET = 16.0;
				MTL_ENABLE_DEBUG_INFO = INCLUDE_SOURCE;
				MTL_FAST_MATH = YES;
				ONLY_ACTIVE_ARCH = YES;
				SDKROOT = iphoneos;
				SWIFT_ACTIVE_COMPILATION_CONDITIONS = DEBUG;
				SWIFT_OPTIMIZATION_LEVEL = "-Onone";
			};
			name = Debug;
		};
		E09E93CE29EC325300468968 /* Release */ = {
			isa = XCBuildConfiguration;
			buildSettings = {
				ALWAYS_SEARCH_USER_PATHS = NO;
				CLANG_ANALYZER_NONNULL = YES;
				CLANG_ANALYZER_NUMBER_OBJECT_CONVERSION = YES_AGGRESSIVE;
				CLANG_CXX_LANGUAGE_STANDARD = "gnu++20";
				CLANG_ENABLE_MODULES = YES;
				CLANG_ENABLE_OBJC_ARC = YES;
				CLANG_ENABLE_OBJC_WEAK = YES;
				CLANG_WARN_BLOCK_CAPTURE_AUTORELEASING = YES;
				CLANG_WARN_BOOL_CONVERSION = YES;
				CLANG_WARN_COMMA = YES;
				CLANG_WARN_CONSTANT_CONVERSION = YES;
				CLANG_WARN_DEPRECATED_OBJC_IMPLEMENTATIONS = YES;
				CLANG_WARN_DIRECT_OBJC_ISA_USAGE = YES_ERROR;
				CLANG_WARN_DOCUMENTATION_COMMENTS = YES;
				CLANG_WARN_EMPTY_BODY = YES;
				CLANG_WARN_ENUM_CONVERSION = YES;
				CLANG_WARN_INFINITE_RECURSION = YES;
				CLANG_WARN_INT_CONVERSION = YES;
				CLANG_WARN_NON_LITERAL_NULL_CONVERSION = YES;
				CLANG_WARN_OBJC_IMPLICIT_RETAIN_SELF = YES;
				CLANG_WARN_OBJC_LITERAL_CONVERSION = YES;
				CLANG_WARN_OBJC_ROOT_CLASS = YES_ERROR;
				CLANG_WARN_QUOTED_INCLUDE_IN_FRAMEWORK_HEADER = YES;
				CLANG_WARN_RANGE_LOOP_ANALYSIS = YES;
				CLANG_WARN_STRICT_PROTOTYPES = YES;
				CLANG_WARN_SUSPICIOUS_MOVE = YES;
				CLANG_WARN_UNGUARDED_AVAILABILITY = YES_AGGRESSIVE;
				CLANG_WARN_UNREACHABLE_CODE = YES;
				CLANG_WARN__DUPLICATE_METHOD_MATCH = YES;
				COPY_PHASE_STRIP = NO;
				DEBUG_INFORMATION_FORMAT = "dwarf-with-dsym";
				ENABLE_NS_ASSERTIONS = NO;
				ENABLE_STRICT_OBJC_MSGSEND = YES;
				GCC_C_LANGUAGE_STANDARD = gnu11;
				GCC_NO_COMMON_BLOCKS = YES;
				GCC_WARN_64_TO_32_BIT_CONVERSION = YES;
				GCC_WARN_ABOUT_RETURN_TYPE = YES_ERROR;
				GCC_WARN_UNDECLARED_SELECTOR = YES;
				GCC_WARN_UNINITIALIZED_AUTOS = YES_AGGRESSIVE;
				GCC_WARN_UNUSED_FUNCTION = YES;
				GCC_WARN_UNUSED_VARIABLE = YES;
				IPHONEOS_DEPLOYMENT_TARGET = 16.0;
				MTL_ENABLE_DEBUG_INFO = NO;
				MTL_FAST_MATH = YES;
				SDKROOT = iphoneos;
				SWIFT_COMPILATION_MODE = wholemodule;
				SWIFT_OPTIMIZATION_LEVEL = "-O";
				VALIDATE_PRODUCT = YES;
			};
			name = Release;
		};
		E09E93D029EC325300468968 /* Debug */ = {
			isa = XCBuildConfiguration;
			buildSettings = {
				ASSETCATALOG_COMPILER_APPICON_NAME = AppIcon;
				ASSETCATALOG_COMPILER_GLOBAL_ACCENT_COLOR_NAME = AccentColor;
				CODE_SIGN_STYLE = Automatic;
				CURRENT_PROJECT_VERSION = 1;
				DEVELOPMENT_TEAM = 25LL5TVT4Z;
				GENERATE_INFOPLIST_FILE = YES;
				INFOPLIST_FILE = Tanerflix/Info.plist;
				INFOPLIST_KEY_UIApplicationSupportsIndirectInputEvents = YES;
				INFOPLIST_KEY_UILaunchStoryboardName = LaunchScreen;
				INFOPLIST_KEY_UISupportedInterfaceOrientations_iPad = "UIInterfaceOrientationPortrait UIInterfaceOrientationPortraitUpsideDown UIInterfaceOrientationLandscapeLeft UIInterfaceOrientationLandscapeRight";
				INFOPLIST_KEY_UISupportedInterfaceOrientations_iPhone = "UIInterfaceOrientationPortrait UIInterfaceOrientationLandscapeLeft UIInterfaceOrientationLandscapeRight";
				IPHONEOS_DEPLOYMENT_TARGET = 15.0;
				LD_RUNPATH_SEARCH_PATHS = (
					"$(inherited)",
					"@executable_path/Frameworks",
				);
				MARKETING_VERSION = 1.0;
				PRODUCT_BUNDLE_IDENTIFIER = com.tanerkaya.Tanerflix;
				PRODUCT_NAME = "$(TARGET_NAME)";
				SWIFT_EMIT_LOC_STRINGS = YES;
				SWIFT_VERSION = 5.0;
				TARGETED_DEVICE_FAMILY = "1,2";
			};
			name = Debug;
		};
		E09E93D129EC325300468968 /* Release */ = {
			isa = XCBuildConfiguration;
			buildSettings = {
				ASSETCATALOG_COMPILER_APPICON_NAME = AppIcon;
				ASSETCATALOG_COMPILER_GLOBAL_ACCENT_COLOR_NAME = AccentColor;
				CODE_SIGN_STYLE = Automatic;
				CURRENT_PROJECT_VERSION = 1;
				DEVELOPMENT_TEAM = 25LL5TVT4Z;
				GENERATE_INFOPLIST_FILE = YES;
				INFOPLIST_FILE = Tanerflix/Info.plist;
				INFOPLIST_KEY_UIApplicationSupportsIndirectInputEvents = YES;
				INFOPLIST_KEY_UILaunchStoryboardName = LaunchScreen;
				INFOPLIST_KEY_UISupportedInterfaceOrientations_iPad = "UIInterfaceOrientationPortrait UIInterfaceOrientationPortraitUpsideDown UIInterfaceOrientationLandscapeLeft UIInterfaceOrientationLandscapeRight";
				INFOPLIST_KEY_UISupportedInterfaceOrientations_iPhone = "UIInterfaceOrientationPortrait UIInterfaceOrientationLandscapeLeft UIInterfaceOrientationLandscapeRight";
				IPHONEOS_DEPLOYMENT_TARGET = 15.0;
				LD_RUNPATH_SEARCH_PATHS = (
					"$(inherited)",
					"@executable_path/Frameworks",
				);
				MARKETING_VERSION = 1.0;
				PRODUCT_BUNDLE_IDENTIFIER = com.tanerkaya.Tanerflix;
				PRODUCT_NAME = "$(TARGET_NAME)";
				SWIFT_EMIT_LOC_STRINGS = YES;
				SWIFT_VERSION = 5.0;
				TARGETED_DEVICE_FAMILY = "1,2";
			};
			name = Release;
		};
/* End XCBuildConfiguration section */

/* Begin XCConfigurationList section */
		E09E93B629EC325100468968 /* Build configuration list for PBXProject "Tanerflix" */ = {
			isa = XCConfigurationList;
			buildConfigurations = (
				E09E93CD29EC325300468968 /* Debug */,
				E09E93CE29EC325300468968 /* Release */,
			);
			defaultConfigurationIsVisible = 0;
			defaultConfigurationName = Release;
		};
		E09E93CF29EC325300468968 /* Build configuration list for PBXNativeTarget "Tanerflix" */ = {
			isa = XCConfigurationList;
			buildConfigurations = (
				E09E93D029EC325300468968 /* Debug */,
				E09E93D129EC325300468968 /* Release */,
			);
			defaultConfigurationIsVisible = 0;
			defaultConfigurationName = Release;
		};
/* End XCConfigurationList section */

/* Begin XCRemoteSwiftPackageReference section */
		E0599CC429F67F310082A789 /* XCRemoteSwiftPackageReference "SDWebImage" */ = {
			isa = XCRemoteSwiftPackageReference;
			repositoryURL = "https://github.com/SDWebImage/SDWebImage.git";
			requirement = {
				branch = master;
				kind = branch;
			};
		};
/* End XCRemoteSwiftPackageReference section */

/* Begin XCSwiftPackageProductDependency section */
		E0599CC529F67F310082A789 /* SDWebImage */ = {
			isa = XCSwiftPackageProductDependency;
			package = E0599CC429F67F310082A789 /* XCRemoteSwiftPackageReference "SDWebImage" */;
			productName = SDWebImage;
		};
		E0599CC729F67F310082A789 /* SDWebImageMapKit */ = {
			isa = XCSwiftPackageProductDependency;
			package = E0599CC429F67F310082A789 /* XCRemoteSwiftPackageReference "SDWebImage" */;
			productName = SDWebImageMapKit;
		};
/* End XCSwiftPackageProductDependency section */

/* Begin XCVersionGroup section */
		E020FCC62A2F45FB0036D4BF /* TanerflixDataModel.xcdatamodeld */ = {
			isa = XCVersionGroup;
			children = (
				E020FCC72A2F45FB0036D4BF /* TanerflixDataModel.xcdatamodel */,
			);
			currentVersion = E020FCC72A2F45FB0036D4BF /* TanerflixDataModel.xcdatamodel */;
			path = TanerflixDataModel.xcdatamodeld;
			sourceTree = "<group>";
			versionGroupType = wrapper.xcdatamodel;
		};
/* End XCVersionGroup section */
	};
	rootObject = E09E93B329EC325100468968 /* Project object */;
}
